
Microsoft Visual Studio Solution File, Format Version 12.00
# Visual Studio 15
VisualStudioVersion = 15.0.28307.1062
MinimumVisualStudioVersion = 10.0.40219.1
Project("{FAE04EC0-301F-11D3-BF4B-00C04F79EFBC}") = "polymorphisminterface", "polymorphisminterface\polymorphisminterface.csproj", "{37FA7DC2-D728-46E4-9391-A5B1A2FD87BC}"
EndProject
Global
	GlobalSection(SolutionConfigurationPlatforms) = preSolution
		Debug|Any CPU = Debug|Any CPU
		Release|Any CPU = Release|Any CPU
	EndGlobalSection
	GlobalSection(ProjectConfigurationPlatforms) = postSolution
		{37FA7DC2-D728-46E4-9391-A5B1A2FD87BC}.Debug|Any CPU.ActiveCfg = Debug|Any CPU
		{37FA7DC2-D728-46E4-9391-A5B1A2FD87BC}.Debug|Any CPU.Build.0 = Debug|Any CPU
		{37FA7DC2-D728-46E4-9391-A5B1A2FD87BC}.Release|Any CPU.ActiveCfg = Release|Any CPU
		{37FA7DC2-D728-46E4-9391-A5B1A2FD87BC}.Release|Any CPU.Build.0 = Release|Any CPU
	EndGlobalSection
	GlobalSection(SolutionProperties) = preSolution
		HideSolutionNode = FALSE
	EndGlobalSection
	GlobalSection(ExtensibilityGlobals) = postSolution
		SolutionGuid = {78C40005-FEE8-405B-840E-ECF59E61A5E6}
	EndGlobalSection
EndGlobal
